
Microsoft Visual Studio Solution File, Format Version 12.00
# Visual Studio Version 17
VisualStudioVersion = 17.8.34330.188
MinimumVisualStudioVersion = 10.0.40219.1
Project("{9A19103F-16F7-4668-BE54-9A1E7A4F7556}") = "Compiler", "Compiler.csproj", "{541B5760-2425-407F-BFF2-7E00A3F08255}"
EndProject
Global
	GlobalSection(SolutionConfigurationPlatforms) = preSolution
		Debug|Any CPU = Debug|Any CPU
		Release|Any CPU = Release|Any CPU
	EndGlobalSection
	GlobalSection(ProjectConfigurationPlatforms) = postSolution
		{541B5760-2425-407F-BFF2-7E00A3F08255}.Debug|Any CPU.ActiveCfg = Debug|Any CPU
		{541B5760-2425-407F-BFF2-7E00A3F08255}.Debug|Any CPU.Build.0 = Debug|Any CPU
		{541B5760-2425-407F-BFF2-7E00A3F08255}.Release|Any CPU.ActiveCfg = Release|Any CPU
		{541B5760-2425-407F-BFF2-7E00A3F08255}.Release|Any CPU.Build.0 = Release|Any CPU
	EndGlobalSection
	GlobalSection(SolutionProperties) = preSolution
		HideSolutionNode = FALSE
	EndGlobalSection
	GlobalSection(ExtensibilityGlobals) = postSolution
		SolutionGuid = {F05050A7-D70E-49BD-AE04-9C8DD2E44D26}
	EndGlobalSection
EndGlobal
